// !$*UTF8*$!
{
	archiveVersion = 1;
	classes = {
	};
	objectVersion = 46;
	objects = {

/* Begin PBXBuildFile section */
		84314916196DA77A00E43CC6 /* AppDelegate.swift in Sources */ = {isa = PBXBuildFile; fileRef = 84314915196DA77A00E43CC6 /* AppDelegate.swift */; };
		84314918196DA77A00E43CC6 /* ViewController.swift in Sources */ = {isa = PBXBuildFile; fileRef = 84314917196DA77A00E43CC6 /* ViewController.swift */; };
		8431491B196DA77A00E43CC6 /* Main.storyboard in Resources */ = {isa = PBXBuildFile; fileRef = 84314919196DA77A00E43CC6 /* Main.storyboard */; };
		8431491D196DA77A00E43CC6 /* Images.xcassets in Resources */ = {isa = PBXBuildFile; fileRef = 8431491C196DA77A00E43CC6 /* Images.xcassets */; };
		84314929196DA77A00E43CC6 /* ghtestTests.swift in Sources */ = {isa = PBXBuildFile; fileRef = 84314928196DA77A00E43CC6 /* ghtestTests.swift */; };
		849E3556196DADD700365F55 /* 88_of_clubs.png in Resources */ = {isa = PBXBuildFile; fileRef = 849E3555196DADD700365F55 /* 88_of_clubs.png */; };
/* End PBXBuildFile section */

/* Begin PBXContainerItemProxy section */
		84314923196DA77A00E43CC6 /* PBXContainerItemProxy */ = {
			isa = PBXContainerItemProxy;
			containerPortal = 84314908196DA77A00E43CC6 /* Project object */;
			proxyType = 1;
			remoteGlobalIDString = 8431490F196DA77A00E43CC6;
			remoteInfo = ghtest;
		};
/* End PBXContainerItemProxy section */

/* Begin PBXFileReference section */
		84314910196DA77A00E43CC6 /* ghtest.app */ = {isa = PBXFileReference; explicitFileType = wrapper.application; includeInIndex = 0; path = ghtest.app; sourceTree = BUILT_PRODUCTS_DIR; };
		84314914196DA77A00E43CC6 /* Info.plist */ = {isa = PBXFileReference; lastKnownFileType = text.plist.xml; path = Info.plist; sourceTree = "<group>"; };
		84314915196DA77A00E43CC6 /* AppDelegate.swift */ = {isa = PBXFileReference; lastKnownFileType = sourcecode.swift; path = AppDelegate.swift; sourceTree = "<group>"; };
		84314917196DA77A00E43CC6 /* ViewController.swift */ = {isa = PBXFileReference; lastKnownFileType = sourcecode.swift; path = ViewController.swift; sourceTree = "<group>"; };
		8431491A196DA77A00E43CC6 /* Base */ = {isa = PBXFileReference; lastKnownFileType = file.storyboard; name = Base; path = Base.lproj/Main.storyboard; sourceTree = "<group>"; };
		8431491C196DA77A00E43CC6 /* Images.xcassets */ = {isa = PBXFileReference; lastKnownFileType = folder.assetcatalog; path = Images.xcassets; sourceTree = "<group>"; };
		84314922196DA77A00E43CC6 /* ghtestTests.xctest */ = {isa = PBXFileReference; explicitFileType = wrapper.cfbundle; includeInIndex = 0; path = ghtestTests.xctest; sourceTree = BUILT_PRODUCTS_DIR; };
		84314927196DA77A00E43CC6 /* Info.plist */ = {isa = PBXFileReference; lastKnownFileType = text.plist.xml; path = Info.plist; sourceTree = "<group>"; };
		84314928196DA77A00E43CC6 /* ghtestTests.swift */ = {isa = PBXFileReference; lastKnownFileType = sourcecode.swift; path = ghtestTests.swift; sourceTree = "<group>"; };
		849E3555196DADD700365F55 /* 88_of_clubs.png */ = {isa = PBXFileReference; lastKnownFileType = image.png; path = 88_of_clubs.png; sourceTree = "<group>"; };
/* End PBXFileReference section */

/* Begin PBXFrameworksBuildPhase section */
		8431490D196DA77A00E43CC6 /* Frameworks */ = {
			isa = PBXFrameworksBuildPhase;
			buildActionMask = 2147483647;
			files = (
			);
			runOnlyForDeploymentPostprocessing = 0;
		};
		8431491F196DA77A00E43CC6 /* Frameworks */ = {
			isa = PBXFrameworksBuildPhase;
			buildActionMask = 2147483647;
			files = (
			);
			runOnlyForDeploymentPostprocessing = 0;
		};
/* End PBXFrameworksBuildPhase section */

/* Begin PBXGroup section */
		84314907196DA77A00E43CC6 = {
			isa = PBXGroup;
			children = (
				84314912196DA77A00E43CC6 /* ghtest */,
				84314925196DA77A00E43CC6 /* ghtestTests */,
				84314911196DA77A00E43CC6 /* Products */,
			);
			sourceTree = "<group>";
		};
		84314911196DA77A00E43CC6 /* Products */ = {
			isa = PBXGroup;
			children = (
				84314910196DA77A00E43CC6 /* ghtest.app */,
				84314922196DA77A00E43CC6 /* ghtestTests.xctest */,
			);
			name = Products;
			sourceTree = "<group>";
		};
		84314912196DA77A00E43CC6 /* ghtest */ = {
			isa = PBXGroup;
			children = (
				84314915196DA77A00E43CC6 /* AppDelegate.swift */,
				84314917196DA77A00E43CC6 /* ViewController.swift */,
				84314919196DA77A00E43CC6 /* Main.storyboard */,
				8431491C196DA77A00E43CC6 /* Images.xcassets */,
				84314913196DA77A00E43CC6 /* Supporting Files */,
			);
			path = ghtest;
			sourceTree = "<group>";
		};
		84314913196DA77A00E43CC6 /* Supporting Files */ = {
			isa = PBXGroup;
			children = (
				849E3555196DADD700365F55 /* 88_of_clubs.png */,
				84314914196DA77A00E43CC6 /* Info.plist */,
			);
			name = "Supporting Files";
			sourceTree = "<group>";
		};
		84314925196DA77A00E43CC6 /* ghtestTests */ = {
			isa = PBXGroup;
			children = (
				84314928196DA77A00E43CC6 /* ghtestTests.swift */,
				84314926196DA77A00E43CC6 /* Supporting Files */,
			);
			path = ghtestTests;
			sourceTree = "<group>";
		};
		84314926196DA77A00E43CC6 /* Supporting Files */ = {
			isa = PBXGroup;
			children = (
				84314927196DA77A00E43CC6 /* Info.plist */,
			);
			name = "Supporting Files";
			sourceTree = "<group>";
		};
/* End PBXGroup section */

/* Begin PBXNativeTarget section */
		8431490F196DA77A00E43CC6 /* ghtest */ = {
			isa = PBXNativeTarget;
			buildConfigurationList = 8431492C196DA77A00E43CC6 /* Build configuration list for PBXNativeTarget "ghtest" */;
			buildPhases = (
				8431490C196DA77A00E43CC6 /* Sources */,
				8431490D196DA77A00E43CC6 /* Frameworks */,
				8431490E196DA77A00E43CC6 /* Resources */,
			);
			buildRules = (
			);
			dependencies = (
			);
			name = ghtest;
			productName = ghtest;
			productReference = 84314910196DA77A00E43CC6 /* ghtest.app */;
			productType = "com.apple.product-type.application";
		};
		84314921196DA77A00E43CC6 /* ghtestTests */ = {
			isa = PBXNativeTarget;
			buildConfigurationList = 8431492F196DA77A00E43CC6 /* Build configuration list for PBXNativeTarget "ghtestTests" */;
			buildPhases = (
				8431491E196DA77A00E43CC6 /* Sources */,
				8431491F196DA77A00E43CC6 /* Frameworks */,
				84314920196DA77A00E43CC6 /* Resources */,
			);
			buildRules = (
			);
			dependencies = (
				84314924196DA77A00E43CC6 /* PBXTargetDependency */,
			);
			name = ghtestTests;
			productName = ghtestTests;
			productReference = 84314922196DA77A00E43CC6 /* ghtestTests.xctest */;
			productType = "com.apple.product-type.bundle.unit-test";
		};
/* End PBXNativeTarget section */

/* Begin PBXProject section */
		84314908196DA77A00E43CC6 /* Project object */ = {
			isa = PBXProject;
			attributes = {
				LastUpgradeCheck = 0600;
				ORGANIZATIONNAME = "D Barry Ent";
				TargetAttributes = {
					8431490F196DA77A00E43CC6 = {
						CreatedOnToolsVersion = 6.0;
					};
					84314921196DA77A00E43CC6 = {
						CreatedOnToolsVersion = 6.0;
						TestTargetID = 8431490F196DA77A00E43CC6;
					};
				};
			};
			buildConfigurationList = 8431490B196DA77A00E43CC6 /* Build configuration list for PBXProject "ghtest" */;
			compatibilityVersion = "Xcode 3.2";
			developmentRegion = English;
			hasScannedForEncodings = 0;
			knownRegions = (
				en,
				Base,
			);
			mainGroup = 84314907196DA77A00E43CC6;
			productRefGroup = 84314911196DA77A00E43CC6 /* Products */;
			projectDirPath = "";
			projectRoot = "";
			targets = (
				8431490F196DA77A00E43CC6 /* ghtest */,
				84314921196DA77A00E43CC6 /* ghtestTests */,
			);
		};
/* End PBXProject section */

/* Begin PBXResourcesBuildPhase section */
		8431490E196DA77A00E43CC6 /* Resources */ = {
			isa = PBXResourcesBuildPhase;
			buildActionMask = 2147483647;
			files = (
				849E3556196DADD700365F55 /* 88_of_clubs.png in Resources */,
				8431491B196DA77A00E43CC6 /* Main.storyboard in Resources */,
				8431491D196DA77A00E43CC6 /* Images.xcassets in Resources */,
			);
			runOnlyForDeploymentPostprocessing = 0;
		};
		84314920196DA77A00E43CC6 /* Resources */ = {
			isa = PBXResourcesBuildPhase;
			buildActionMask = 2147483647;
			files = (
			);
			runOnlyForDeploymentPostprocessing = 0;
		};
/* End PBXResourcesBuildPhase section */

/* Begin PBXSourcesBuildPhase section */
		8431490C196DA77A00E43CC6 /* Sources */ = {
			isa = PBXSourcesBuildPhase;
			buildActionMask = 2147483647;
			files = (
				84314918196DA77A00E43CC6 /* ViewController.swift in Sources */,
				84314916196DA77A00E43CC6 /* AppDelegate.swift in Sources */,
			);
			runOnlyForDeploymentPostprocessing = 0;
		};
		8431491E196DA77A00E43CC6 /* Sources */ = {
			isa = PBXSourcesBuildPhase;
			buildActionMask = 2147483647;
			files = (
				84314929196DA77A00E43CC6 /* ghtestTests.swift in Sources */,
			);
			runOnlyForDeploymentPostprocessing = 0;
		};
/* End PBXSourcesBuildPhase section */

/* Begin PBXTargetDependency section */
		84314924196DA77A00E43CC6 /* PBXTargetDependency */ = {
			isa = PBXTargetDependency;
			target = 8431490F196DA77A00E43CC6 /* ghtest */;
			targetProxy = 84314923196DA77A00E43CC6 /* PBXContainerItemProxy */;
		};
/* End PBXTargetDependency section */

/* Begin PBXVariantGroup section */
		84314919196DA77A00E43CC6 /* Main.storyboard */ = {
			isa = PBXVariantGroup;
			children = (
				8431491A196DA77A00E43CC6 /* Base */,
			);
			name = Main.storyboard;
			sourceTree = "<group>";
		};
/* End PBXVariantGroup section */

/* Begin XCBuildConfiguration section */
		8431492A196DA77A00E43CC6 /* Debug */ = {
			isa = XCBuildConfiguration;
			buildSettings = {
				ALWAYS_SEARCH_USER_PATHS = NO;
				CLANG_CXX_LANGUAGE_STANDARD = "gnu++0x";
				CLANG_CXX_LIBRARY = "libc++";
				CLANG_ENABLE_MODULES = YES;
				CLANG_ENABLE_OBJC_ARC = YES;
				CLANG_WARN_BOOL_CONVERSION = YES;
				CLANG_WARN_CONSTANT_CONVERSION = YES;
				CLANG_WARN_DIRECT_OBJC_ISA_USAGE = YES_ERROR;
				CLANG_WARN_EMPTY_BODY = YES;
				CLANG_WARN_ENUM_CONVERSION = YES;
				CLANG_WARN_INT_CONVERSION = YES;
				CLANG_WARN_OBJC_ROOT_CLASS = YES_ERROR;
				CLANG_WARN_UNREACHABLE_CODE = YES;
				CLANG_WARN__DUPLICATE_METHOD_MATCH = YES;
				"CODE_SIGN_IDENTITY[sdk=iphoneos*]" = "iPhone Developer";
				COPY_PHASE_STRIP = NO;
				ENABLE_STRICT_OBJC_MSGSEND = YES;
				GCC_C_LANGUAGE_STANDARD = gnu99;
				GCC_DYNAMIC_NO_PIC = NO;
				GCC_OPTIMIZATION_LEVEL = 0;
				GCC_PREPROCESSOR_DEFINITIONS = (
					"DEBUG=1",
					"$(inherited)",
				);
				GCC_SYMBOLS_PRIVATE_EXTERN = NO;
				GCC_WARN_64_TO_32_BIT_CONVERSION = YES;
				GCC_WARN_ABOUT_RETURN_TYPE = YES_ERROR;
				GCC_WARN_UNDECLARED_SELECTOR = YES;
				GCC_WARN_UNINITIALIZED_AUTOS = YES_AGGRESSIVE;
				GCC_WARN_UNUSED_FUNCTION = YES;
				GCC_WARN_UNUSED_VARIABLE = YES;
				IPHONEOS_DEPLOYMENT_TARGET = 8.0;
				MTL_ENABLE_DEBUG_INFO = YES;
				ONLY_ACTIVE_ARCH = YES;
				SDKROOT = iphoneos;
				SWIFT_OPTIMIZATION_LEVEL = "-Onone";
			};
			name = Debug;
		};
		8431492B196DA77A00E43CC6 /* Release */ = {
			isa = XCBuildConfiguration;
			buildSettings = {
				ALWAYS_SEARCH_USER_PATHS = NO;
				CLANG_CXX_LANGUAGE_STANDARD = "gnu++0x";
				CLANG_CXX_LIBRARY = "libc++";
				CLANG_ENABLE_MODULES = YES;
				CLANG_ENABLE_OBJC_ARC = YES;
				CLANG_WARN_BOOL_CONVERSION = YES;
				CLANG_WARN_CONSTANT_CONVERSION = YES;
				CLANG_WARN_DIRECT_OBJC_ISA_USAGE = YES_ERROR;
				CLANG_WARN_EMPTY_BODY = YES;
				CLANG_WARN_ENUM_CONVERSION = YES;
				CLANG_WARN_INT_CONVERSION = YES;
				CLANG_WARN_OBJC_ROOT_CLASS = YES_ERROR;
				CLANG_WARN_UNREACHABLE_CODE = YES;
				CLANG_WARN__DUPLICATE_METHOD_MATCH = YES;
				"CODE_SIGN_IDENTITY[sdk=iphoneos*]" = "iPhone Developer";
				COPY_PHASE_STRIP = YES;
				ENABLE_NS_ASSERTIONS = NO;
				ENABLE_STRICT_OBJC_MSGSEND = YES;
				GCC_C_LANGUAGE_STANDARD = gnu99;
				GCC_WARN_64_TO_32_BIT_CONVERSION = YES;
				GCC_WARN_ABOUT_RETURN_TYPE = YES_ERROR;
				GCC_WARN_UNDECLARED_SELECTOR = YES;
				GCC_WARN_UNINITIALIZED_AUTOS = YES_AGGRESSIVE;
				GCC_WARN_UNUSED_FUNCTION = YES;
				GCC_WARN_UNUSED_VARIABLE = YES;
				IPHONEOS_DEPLOYMENT_TARGET = 8.0;
				MTL_ENABLE_DEBUG_INFO = NO;
				SDKROOT = iphoneos;
				VALIDATE_PRODUCT = YES;
			};
			name = Release;
		};
		8431492D196DA77A00E43CC6 /* Debug */ = {
			isa = XCBuildConfiguration;
			buildSettings = {
				ASSETCATALOG_COMPILER_APPICON_NAME = AppIcon;
				ASSETCATALOG_COMPILER_LAUNCHIMAGE_NAME = LaunchImage;
				INFOPLIST_FILE = ghtest/Info.plist;
				LD_RUNPATH_SEARCH_PATHS = "$(inherited) @executable_path/Frameworks";
				PRODUCT_NAME = "$(TARGET_NAME)";
			};
			name = Debug;
		};
		8431492E196DA77A00E43CC6 /* Release */ = {
			isa = XCBuildConfiguration;
			buildSettings = {
				ASSETCATALOG_COMPILER_APPICON_NAME = AppIcon;
				ASSETCATALOG_COMPILER_LAUNCHIMAGE_NAME = LaunchImage;
				INFOPLIST_FILE = ghtest/Info.plist;
				LD_RUNPATH_SEARCH_PATHS = "$(inherited) @executable_path/Frameworks";
				PRODUCT_NAME = "$(TARGET_NAME)";
			};
			name = Release;
		};
		84314930196DA77A00E43CC6 /* Debug */ = {
			isa = XCBuildConfiguration;
			buildSettings = {
				BUNDLE_LOADER = "$(BUILT_PRODUCTS_DIR)/ghtest.app/ghtest";
				FRAMEWORK_SEARCH_PATHS = (
					"$(SDKROOT)/Developer/Library/Frameworks",
					"$(inherited)",
				);
				GCC_PREPROCESSOR_DEFINITIONS = (
					"DEBUG=1",
					"$(inherited)",
				);
				INFOPLIST_FILE = ghtestTests/Info.plist;
				LD_RUNPATH_SEARCH_PATHS = "$(inherited) @executable_path/Frameworks @loader_path/Frameworks";
				PRODUCT_NAME = "$(TARGET_NAME)";
				TEST_HOST = "$(BUNDLE_LOADER)";
			};
			name = Debug;
		};
		84314931196DA77A00E43CC6 /* Release */ = {
			isa = XCBuildConfiguration;
			buildSettings = {
				BUNDLE_LOADER = "$(BUILT_PRODUCTS_DIR)/ghtest.app/ghtest";
				FRAMEWORK_SEARCH_PATHS = (
					"$(SDKROOT)/Developer/Library/Frameworks",
					"$(inherited)",
				);
				INFOPLIST_FILE = ghtestTests/Info.plist;
				LD_RUNPATH_SEARCH_PATHS = "$(inherited) @executable_path/Frameworks @loader_path/Frameworks";
				PRODUCT_NAME = "$(TARGET_NAME)";
				TEST_HOST = "$(BUNDLE_LOADER)";
			};
			name = Release;
		};
/* End XCBuildConfiguration section */

/* Begin XCConfigurationList section */
		8431490B196DA77A00E43CC6 /* Build configuration list for PBXProject "ghtest" */ = {
			isa = XCConfigurationList;
			buildConfigurations = (
				8431492A196DA77A00E43CC6 /* Debug */,
				8431492B196DA77A00E43CC6 /* Release */,
			);
			defaultConfigurationIsVisible = 0;
			defaultConfigurationName = Release;
		};
		8431492C196DA77A00E43CC6 /* Build configuration list for PBXNativeTarget "ghtest" */ = {
			isa = XCConfigurationList;
			buildConfigurations = (
				8431492D196DA77A00E43CC6 /* Debug */,
				8431492E196DA77A00E43CC6 /* Release */,
			);
			defaultConfigurationIsVisible = 0;
			defaultConfigurationName = Release;
		};
		8431492F196DA77A00E43CC6 /* Build configuration list for PBXNativeTarget "ghtestTests" */ = {
			isa = XCConfigurationList;
			buildConfigurations = (
				84314930196DA77A00E43CC6 /* Debug */,
				84314931196DA77A00E43CC6 /* Release */,
			);
			defaultConfigurationIsVisible = 0;
			defaultConfigurationName = Release;
		};
/* End XCConfigurationList section */
	};
	rootObject = 84314908196DA77A00E43CC6 /* Project object */;
}
